
Microsoft Visual Studio Solution File, Format Version 12.00
# Visual Studio Version 16
VisualStudioVersion = 16.0.31729.503
MinimumVisualStudioVersion = 10.0.40219.1
Project("{888888A0-9F3D-457C-B088-3A5042F75D52}") = "forecast", "forecast.pyproj", "{DDC7D1EE-1690-4EFF-92B1-546B4C6100B6}"
EndProject
Global
	GlobalSection(SolutionConfigurationPlatforms) = preSolution
		Debug|Any CPU = Debug|Any CPU
		Release|Any CPU = Release|Any CPU
	EndGlobalSection
	GlobalSection(ProjectConfigurationPlatforms) = postSolution
		{DDC7D1EE-1690-4EFF-92B1-546B4C6100B6}.Debug|Any CPU.ActiveCfg = Debug|Any CPU
		{DDC7D1EE-1690-4EFF-92B1-546B4C6100B6}.Release|Any CPU.ActiveCfg = Release|Any CPU
	EndGlobalSection
	GlobalSection(SolutionProperties) = preSolution
		HideSolutionNode = FALSE
	EndGlobalSection
	GlobalSection(ExtensibilityGlobals) = postSolution
		SolutionGuid = {47D30B43-21B1-456B-B553-5504A8B9716D}
	EndGlobalSection
EndGlobal
